
Microsoft Visual Studio Solution File, Format Version 12.00
# Visual Studio 15
VisualStudioVersion = 15.0.28307.106
MinimumVisualStudioVersion = 10.0.40219.1
Project("{8BC9CEB8-8B4A-11D0-8D11-00A0C91BC942}") = "FrameWork", "FrameWork\FrameWork.vcxproj", "{9F81A75E-21A5-4A21-B522-C2A206E1076E}"
EndProject
Global
	GlobalSection(SolutionConfigurationPlatforms) = preSolution
		Debug|x64 = Debug|x64
		Debug|x86 = Debug|x86
		Release|x64 = Release|x64
		Release|x86 = Release|x86
	EndGlobalSection
	GlobalSection(ProjectConfigurationPlatforms) = postSolution
		{9F81A75E-21A5-4A21-B522-C2A206E1076E}.Debug|x64.ActiveCfg = Debug|x64
		{9F81A75E-21A5-4A21-B522-C2A206E1076E}.Debug|x64.Build.0 = Debug|x64
		{9F81A75E-21A5-4A21-B522-C2A206E1076E}.Debug|x86.ActiveCfg = Debug|Win32
		{9F81A75E-21A5-4A21-B522-C2A206E1076E}.Debug|x86.Build.0 = Debug|Win32
		{9F81A75E-21A5-4A21-B522-C2A206E1076E}.Release|x64.ActiveCfg = Release|x64
		{9F81A75E-21A5-4A21-B522-C2A206E1076E}.Release|x64.Build.0 = Release|x64
		{9F81A75E-21A5-4A21-B522-C2A206E1076E}.Release|x86.ActiveCfg = Release|Win32
		{9F81A75E-21A5-4A21-B522-C2A206E1076E}.Release|x86.Build.0 = Release|Win32
	EndGlobalSection
	GlobalSection(SolutionProperties) = preSolution
		HideSolutionNode = FALSE
	EndGlobalSection
	GlobalSection(ExtensibilityGlobals) = postSolution
		SolutionGuid = {3E02C9B1-34D6-4EF1-998F-C17891EB4765}
	EndGlobalSection
EndGlobal
